// !$*UTF8*$!
{
	archiveVersion = 1;
	classes = {
	};
	objectVersion = 56;
	objects = {

/* Begin PBXBuildFile section */
		0A43F9B52A75520E00B4783D /* GoogleService-Info.plist in Resources */ = {isa = PBXBuildFile; fileRef = 0A43F9B42A75520E00B4783D /* GoogleService-Info.plist */; };
		0A647E662A6FB51B009AB531 /* AppDelegate.swift in Sources */ = {isa = PBXBuildFile; fileRef = 0A647E652A6FB51B009AB531 /* AppDelegate.swift */; };
		0A647E682A6FB51B009AB531 /* SceneDelegate.swift in Sources */ = {isa = PBXBuildFile; fileRef = 0A647E672A6FB51B009AB531 /* SceneDelegate.swift */; };
		0A647E6A2A6FB51B009AB531 /* ConversationViewController.swift in Sources */ = {isa = PBXBuildFile; fileRef = 0A647E692A6FB51B009AB531 /* ConversationViewController.swift */; };
		0A647E6D2A6FB51B009AB531 /* Main.storyboard in Resources */ = {isa = PBXBuildFile; fileRef = 0A647E6B2A6FB51B009AB531 /* Main.storyboard */; };
		0A647E6F2A6FB51D009AB531 /* Assets.xcassets in Resources */ = {isa = PBXBuildFile; fileRef = 0A647E6E2A6FB51D009AB531 /* Assets.xcassets */; };
		0A647E722A6FB51D009AB531 /* LaunchScreen.storyboard in Resources */ = {isa = PBXBuildFile; fileRef = 0A647E702A6FB51D009AB531 /* LaunchScreen.storyboard */; };
		0A647E802A70B44E009AB531 /* LoginViewController.swift in Sources */ = {isa = PBXBuildFile; fileRef = 0A647E7F2A70B44E009AB531 /* LoginViewController.swift */; };
		0A647E822A70B45D009AB531 /* RegisterViewController.swift in Sources */ = {isa = PBXBuildFile; fileRef = 0A647E812A70B45D009AB531 /* RegisterViewController.swift */; };
		0A647E842A70B47D009AB531 /* PhotoViewerViewController.swift in Sources */ = {isa = PBXBuildFile; fileRef = 0A647E832A70B47D009AB531 /* PhotoViewerViewController.swift */; };
		0A647E862A70B48C009AB531 /* VideoPlayerViewController.swift in Sources */ = {isa = PBXBuildFile; fileRef = 0A647E852A70B48C009AB531 /* VideoPlayerViewController.swift */; };
		0A647E882A70B4A5009AB531 /* NewConversationViewController.swift in Sources */ = {isa = PBXBuildFile; fileRef = 0A647E872A70B4A5009AB531 /* NewConversationViewController.swift */; };
		0A647E8A2A70B4BB009AB531 /* ProfileViewController.swift in Sources */ = {isa = PBXBuildFile; fileRef = 0A647E892A70B4BB009AB531 /* ProfileViewController.swift */; };
		0A647E8D2A70C10C009AB531 /* Extensions.swift in Sources */ = {isa = PBXBuildFile; fileRef = 0A647E8C2A70C10C009AB531 /* Extensions.swift */; };
		0A647E942A750AFA009AB531 /* DatabaseManager.swift in Sources */ = {isa = PBXBuildFile; fileRef = 0A647E932A750AFA009AB531 /* DatabaseManager.swift */; };
		325D4AB032DC1B10B9C97F10 /* Pods_iMessenger.framework in Frameworks */ = {isa = PBXBuildFile; fileRef = 3F525AB794F9AB30EF0F9632 /* Pods_iMessenger.framework */; };
/* End PBXBuildFile section */

/* Begin PBXFileReference section */
		0A43F9B42A75520E00B4783D /* GoogleService-Info.plist */ = {isa = PBXFileReference; fileEncoding = 4; lastKnownFileType = text.plist.xml; name = "GoogleService-Info.plist"; path = "../../../../Downloads/GoogleService-Info.plist"; sourceTree = "<group>"; };
		0A647E622A6FB51B009AB531 /* iMessenger.app */ = {isa = PBXFileReference; explicitFileType = wrapper.application; includeInIndex = 0; path = iMessenger.app; sourceTree = BUILT_PRODUCTS_DIR; };
		0A647E652A6FB51B009AB531 /* AppDelegate.swift */ = {isa = PBXFileReference; lastKnownFileType = sourcecode.swift; path = AppDelegate.swift; sourceTree = "<group>"; };
		0A647E672A6FB51B009AB531 /* SceneDelegate.swift */ = {isa = PBXFileReference; lastKnownFileType = sourcecode.swift; path = SceneDelegate.swift; sourceTree = "<group>"; };
		0A647E692A6FB51B009AB531 /* ConversationViewController.swift */ = {isa = PBXFileReference; lastKnownFileType = sourcecode.swift; path = ConversationViewController.swift; sourceTree = "<group>"; };
		0A647E6C2A6FB51B009AB531 /* Base */ = {isa = PBXFileReference; lastKnownFileType = file.storyboard; name = Base; path = Base.lproj/Main.storyboard; sourceTree = "<group>"; };
		0A647E6E2A6FB51D009AB531 /* Assets.xcassets */ = {isa = PBXFileReference; lastKnownFileType = folder.assetcatalog; path = Assets.xcassets; sourceTree = "<group>"; };
		0A647E712A6FB51D009AB531 /* Base */ = {isa = PBXFileReference; lastKnownFileType = file.storyboard; name = Base; path = Base.lproj/LaunchScreen.storyboard; sourceTree = "<group>"; };
		0A647E732A6FB51D009AB531 /* Info.plist */ = {isa = PBXFileReference; lastKnownFileType = text.plist.xml; path = Info.plist; sourceTree = "<group>"; };
		0A647E7F2A70B44E009AB531 /* LoginViewController.swift */ = {isa = PBXFileReference; lastKnownFileType = sourcecode.swift; path = LoginViewController.swift; sourceTree = "<group>"; };
		0A647E812A70B45D009AB531 /* RegisterViewController.swift */ = {isa = PBXFileReference; lastKnownFileType = sourcecode.swift; path = RegisterViewController.swift; sourceTree = "<group>"; };
		0A647E832A70B47D009AB531 /* PhotoViewerViewController.swift */ = {isa = PBXFileReference; lastKnownFileType = sourcecode.swift; path = PhotoViewerViewController.swift; sourceTree = "<group>"; };
		0A647E852A70B48C009AB531 /* VideoPlayerViewController.swift */ = {isa = PBXFileReference; lastKnownFileType = sourcecode.swift; path = VideoPlayerViewController.swift; sourceTree = "<group>"; };
		0A647E872A70B4A5009AB531 /* NewConversationViewController.swift */ = {isa = PBXFileReference; lastKnownFileType = sourcecode.swift; path = NewConversationViewController.swift; sourceTree = "<group>"; };
		0A647E892A70B4BB009AB531 /* ProfileViewController.swift */ = {isa = PBXFileReference; lastKnownFileType = sourcecode.swift; path = ProfileViewController.swift; sourceTree = "<group>"; };
		0A647E8C2A70C10C009AB531 /* Extensions.swift */ = {isa = PBXFileReference; lastKnownFileType = sourcecode.swift; path = Extensions.swift; sourceTree = "<group>"; };
		0A647E932A750AFA009AB531 /* DatabaseManager.swift */ = {isa = PBXFileReference; lastKnownFileType = sourcecode.swift; path = DatabaseManager.swift; sourceTree = "<group>"; };
		3F525AB794F9AB30EF0F9632 /* Pods_iMessenger.framework */ = {isa = PBXFileReference; explicitFileType = wrapper.framework; includeInIndex = 0; path = Pods_iMessenger.framework; sourceTree = BUILT_PRODUCTS_DIR; };
		9A2475C76E08E71025081A57 /* Pods-iMessenger.release.xcconfig */ = {isa = PBXFileReference; includeInIndex = 1; lastKnownFileType = text.xcconfig; name = "Pods-iMessenger.release.xcconfig"; path = "Target Support Files/Pods-iMessenger/Pods-iMessenger.release.xcconfig"; sourceTree = "<group>"; };
		9DF5F03F4285B036FCF8F6D0 /* Pods-iMessenger.debug.xcconfig */ = {isa = PBXFileReference; includeInIndex = 1; lastKnownFileType = text.xcconfig; name = "Pods-iMessenger.debug.xcconfig"; path = "Target Support Files/Pods-iMessenger/Pods-iMessenger.debug.xcconfig"; sourceTree = "<group>"; };
/* End PBXFileReference section */

/* Begin PBXFrameworksBuildPhase section */
		0A647E5F2A6FB51B009AB531 /* Frameworks */ = {
			isa = PBXFrameworksBuildPhase;
			buildActionMask = 2147483647;
			files = (
				325D4AB032DC1B10B9C97F10 /* Pods_iMessenger.framework in Frameworks */,
			);
			runOnlyForDeploymentPostprocessing = 0;
		};
/* End PBXFrameworksBuildPhase section */

/* Begin PBXGroup section */
		0A647E592A6FB51B009AB531 = {
			isa = PBXGroup;
			children = (
				0A647E642A6FB51B009AB531 /* iMessenger */,
				0A647E632A6FB51B009AB531 /* Products */,
				5D0D7C18DC99929092F8529E /* Pods */,
				3C9FADE1F64A574707187926 /* Frameworks */,
			);
			sourceTree = "<group>";
		};
		0A647E632A6FB51B009AB531 /* Products */ = {
			isa = PBXGroup;
			children = (
				0A647E622A6FB51B009AB531 /* iMessenger.app */,
			);
			name = Products;
			sourceTree = "<group>";
		};
		0A647E642A6FB51B009AB531 /* iMessenger */ = {
			isa = PBXGroup;
			children = (
				0A43F9B42A75520E00B4783D /* GoogleService-Info.plist */,
				0A647E7D2A70B345009AB531 /* Resources */,
				0A647E7C2A70B33B009AB531 /* ViewModels */,
				0A647E7B2A70B336009AB531 /* Models */,
				0A647E7A2A70B32E009AB531 /* Views */,
				0A647E792A70B325009AB531 /* Controllers */,
				0A647E732A6FB51D009AB531 /* Info.plist */,
			);
			path = iMessenger;
			sourceTree = "<group>";
		};
		0A647E792A70B325009AB531 /* Controllers */ = {
			isa = PBXGroup;
			children = (
				0A647E692A6FB51B009AB531 /* ConversationViewController.swift */,
				0A647E8B2A70BCDB009AB531 /* Login */,
				0A647E832A70B47D009AB531 /* PhotoViewerViewController.swift */,
				0A647E852A70B48C009AB531 /* VideoPlayerViewController.swift */,
				0A647E872A70B4A5009AB531 /* NewConversationViewController.swift */,
				0A647E892A70B4BB009AB531 /* ProfileViewController.swift */,
			);
			path = Controllers;
			sourceTree = "<group>";
		};
		0A647E7A2A70B32E009AB531 /* Views */ = {
			isa = PBXGroup;
			children = (
				0A647E7E2A70B36D009AB531 /* Storyboards */,
				0A647E6E2A6FB51D009AB531 /* Assets.xcassets */,
			);
			path = Views;
			sourceTree = "<group>";
		};
		0A647E7B2A70B336009AB531 /* Models */ = {
			isa = PBXGroup;
			children = (
			);
			path = Models;
			sourceTree = "<group>";
		};
		0A647E7C2A70B33B009AB531 /* ViewModels */ = {
			isa = PBXGroup;
			children = (
			);
			path = ViewModels;
			sourceTree = "<group>";
		};
		0A647E7D2A70B345009AB531 /* Resources */ = {
			isa = PBXGroup;
			children = (
				0A647E652A6FB51B009AB531 /* AppDelegate.swift */,
				0A647E672A6FB51B009AB531 /* SceneDelegate.swift */,
				0A647E8C2A70C10C009AB531 /* Extensions.swift */,
				0A647E932A750AFA009AB531 /* DatabaseManager.swift */,
			);
			path = Resources;
			sourceTree = "<group>";
		};
		0A647E7E2A70B36D009AB531 /* Storyboards */ = {
			isa = PBXGroup;
			children = (
				0A647E6B2A6FB51B009AB531 /* Main.storyboard */,
				0A647E702A6FB51D009AB531 /* LaunchScreen.storyboard */,
			);
			path = Storyboards;
			sourceTree = "<group>";
		};
		0A647E8B2A70BCDB009AB531 /* Login */ = {
			isa = PBXGroup;
			children = (
				0A647E7F2A70B44E009AB531 /* LoginViewController.swift */,
				0A647E812A70B45D009AB531 /* RegisterViewController.swift */,
			);
			path = Login;
			sourceTree = "<group>";
		};
		3C9FADE1F64A574707187926 /* Frameworks */ = {
			isa = PBXGroup;
			children = (
				3F525AB794F9AB30EF0F9632 /* Pods_iMessenger.framework */,
			);
			name = Frameworks;
			sourceTree = "<group>";
		};
		5D0D7C18DC99929092F8529E /* Pods */ = {
			isa = PBXGroup;
			children = (
				9DF5F03F4285B036FCF8F6D0 /* Pods-iMessenger.debug.xcconfig */,
				9A2475C76E08E71025081A57 /* Pods-iMessenger.release.xcconfig */,
			);
			path = Pods;
			sourceTree = "<group>";
		};
/* End PBXGroup section */

/* Begin PBXNativeTarget section */
		0A647E612A6FB51B009AB531 /* iMessenger */ = {
			isa = PBXNativeTarget;
			buildConfigurationList = 0A647E762A6FB51D009AB531 /* Build configuration list for PBXNativeTarget "iMessenger" */;
			buildPhases = (
				440100AE9ABB6C47206C1240 /* [CP] Check Pods Manifest.lock */,
				0A647E5E2A6FB51B009AB531 /* Sources */,
				0A647E5F2A6FB51B009AB531 /* Frameworks */,
				0A647E602A6FB51B009AB531 /* Resources */,
				5EA0C85EFDE8F09B54F1E3C7 /* [CP] Embed Pods Frameworks */,
			);
			buildRules = (
			);
			dependencies = (
			);
			name = iMessenger;
			productName = iMessenger;
			productReference = 0A647E622A6FB51B009AB531 /* iMessenger.app */;
			productType = "com.apple.product-type.application";
		};
/* End PBXNativeTarget section */

/* Begin PBXProject section */
		0A647E5A2A6FB51B009AB531 /* Project object */ = {
			isa = PBXProject;
			attributes = {
				BuildIndependentTargetsInParallel = 1;
				LastSwiftUpdateCheck = 1430;
				LastUpgradeCheck = 1430;
				TargetAttributes = {
					0A647E612A6FB51B009AB531 = {
						CreatedOnToolsVersion = 14.3.1;
					};
				};
			};
			buildConfigurationList = 0A647E5D2A6FB51B009AB531 /* Build configuration list for PBXProject "iMessenger" */;
			compatibilityVersion = "Xcode 14.0";
			developmentRegion = en;
			hasScannedForEncodings = 0;
			knownRegions = (
				en,
				Base,
			);
			mainGroup = 0A647E592A6FB51B009AB531;
			productRefGroup = 0A647E632A6FB51B009AB531 /* Products */;
			projectDirPath = "";
			projectRoot = "";
			targets = (
				0A647E612A6FB51B009AB531 /* iMessenger */,
			);
		};
/* End PBXProject section */

/* Begin PBXResourcesBuildPhase section */
		0A647E602A6FB51B009AB531 /* Resources */ = {
			isa = PBXResourcesBuildPhase;
			buildActionMask = 2147483647;
			files = (
				0A647E722A6FB51D009AB531 /* LaunchScreen.storyboard in Resources */,
				0A43F9B52A75520E00B4783D /* GoogleService-Info.plist in Resources */,
				0A647E6F2A6FB51D009AB531 /* Assets.xcassets in Resources */,
				0A647E6D2A6FB51B009AB531 /* Main.storyboard in Resources */,
			);
			runOnlyForDeploymentPostprocessing = 0;
		};
/* End PBXResourcesBuildPhase section */

/* Begin PBXShellScriptBuildPhase section */
		440100AE9ABB6C47206C1240 /* [CP] Check Pods Manifest.lock */ = {
			isa = PBXShellScriptBuildPhase;
			buildActionMask = 2147483647;
			files = (
			);
			inputFileListPaths = (
			);
			inputPaths = (
				"${PODS_PODFILE_DIR_PATH}/Podfile.lock",
				"${PODS_ROOT}/Manifest.lock",
			);
			name = "[CP] Check Pods Manifest.lock";
			outputFileListPaths = (
			);
			outputPaths = (
				"$(DERIVED_FILE_DIR)/Pods-iMessenger-checkManifestLockResult.txt",
			);
			runOnlyForDeploymentPostprocessing = 0;
			shellPath = /bin/sh;
			shellScript = "diff \"${PODS_PODFILE_DIR_PATH}/Podfile.lock\" \"${PODS_ROOT}/Manifest.lock\" > /dev/null\nif [ $? != 0 ] ; then\n    # print error to STDERR\n    echo \"error: The sandbox is not in sync with the Podfile.lock. Run 'pod install' or update your CocoaPods installation.\" >&2\n    exit 1\nfi\n# This output is used by Xcode 'outputs' to avoid re-running this script phase.\necho \"SUCCESS\" > \"${SCRIPT_OUTPUT_FILE_0}\"\n";
			showEnvVarsInLog = 0;
		};
		5EA0C85EFDE8F09B54F1E3C7 /* [CP] Embed Pods Frameworks */ = {
			isa = PBXShellScriptBuildPhase;
			buildActionMask = 2147483647;
			files = (
			);
			inputFileListPaths = (
				"${PODS_ROOT}/Target Support Files/Pods-iMessenger/Pods-iMessenger-frameworks-${CONFIGURATION}-input-files.xcfilelist",
			);
			name = "[CP] Embed Pods Frameworks";
			outputFileListPaths = (
				"${PODS_ROOT}/Target Support Files/Pods-iMessenger/Pods-iMessenger-frameworks-${CONFIGURATION}-output-files.xcfilelist",
			);
			runOnlyForDeploymentPostprocessing = 0;
			shellPath = /bin/sh;
			shellScript = "\"${PODS_ROOT}/Target Support Files/Pods-iMessenger/Pods-iMessenger-frameworks.sh\"\n";
			showEnvVarsInLog = 0;
		};
/* End PBXShellScriptBuildPhase section */

/* Begin PBXSourcesBuildPhase section */
		0A647E5E2A6FB51B009AB531 /* Sources */ = {
			isa = PBXSourcesBuildPhase;
			buildActionMask = 2147483647;
			files = (
				0A647E802A70B44E009AB531 /* LoginViewController.swift in Sources */,
				0A647E942A750AFA009AB531 /* DatabaseManager.swift in Sources */,
				0A647E822A70B45D009AB531 /* RegisterViewController.swift in Sources */,
				0A647E882A70B4A5009AB531 /* NewConversationViewController.swift in Sources */,
				0A647E6A2A6FB51B009AB531 /* ConversationViewController.swift in Sources */,
				0A647E862A70B48C009AB531 /* VideoPlayerViewController.swift in Sources */,
				0A647E8D2A70C10C009AB531 /* Extensions.swift in Sources */,
				0A647E662A6FB51B009AB531 /* AppDelegate.swift in Sources */,
				0A647E8A2A70B4BB009AB531 /* ProfileViewController.swift in Sources */,
				0A647E682A6FB51B009AB531 /* SceneDelegate.swift in Sources */,
				0A647E842A70B47D009AB531 /* PhotoViewerViewController.swift in Sources */,
			);
			runOnlyForDeploymentPostprocessing = 0;
		};
/* End PBXSourcesBuildPhase section */

/* Begin PBXVariantGroup section */
		0A647E6B2A6FB51B009AB531 /* Main.storyboard */ = {
			isa = PBXVariantGroup;
			children = (
				0A647E6C2A6FB51B009AB531 /* Base */,
			);
			name = Main.storyboard;
			sourceTree = "<group>";
		};
		0A647E702A6FB51D009AB531 /* LaunchScreen.storyboard */ = {
			isa = PBXVariantGroup;
			children = (
				0A647E712A6FB51D009AB531 /* Base */,
			);
			name = LaunchScreen.storyboard;
			sourceTree = "<group>";
		};
/* End PBXVariantGroup section */

/* Begin XCBuildConfiguration section */
		0A647E742A6FB51D009AB531 /* Debug */ = {
			isa = XCBuildConfiguration;
			buildSettings = {
				ALWAYS_SEARCH_USER_PATHS = NO;
				CLANG_ANALYZER_NONNULL = YES;
				CLANG_ANALYZER_NUMBER_OBJECT_CONVERSION = YES_AGGRESSIVE;
				CLANG_CXX_LANGUAGE_STANDARD = "gnu++20";
				CLANG_ENABLE_MODULES = YES;
				CLANG_ENABLE_OBJC_ARC = YES;
				CLANG_ENABLE_OBJC_WEAK = YES;
				CLANG_WARN_BLOCK_CAPTURE_AUTORELEASING = YES;
				CLANG_WARN_BOOL_CONVERSION = YES;
				CLANG_WARN_COMMA = YES;
				CLANG_WARN_CONSTANT_CONVERSION = YES;
				CLANG_WARN_DEPRECATED_OBJC_IMPLEMENTATIONS = YES;
				CLANG_WARN_DIRECT_OBJC_ISA_USAGE = YES_ERROR;
				CLANG_WARN_DOCUMENTATION_COMMENTS = YES;
				CLANG_WARN_EMPTY_BODY = YES;
				CLANG_WARN_ENUM_CONVERSION = YES;
				CLANG_WARN_INFINITE_RECURSION = YES;
				CLANG_WARN_INT_CONVERSION = YES;
				CLANG_WARN_NON_LITERAL_NULL_CONVERSION = YES;
				CLANG_WARN_OBJC_IMPLICIT_RETAIN_SELF = YES;
				CLANG_WARN_OBJC_LITERAL_CONVERSION = YES;
				CLANG_WARN_OBJC_ROOT_CLASS = YES_ERROR;
				CLANG_WARN_QUOTED_INCLUDE_IN_FRAMEWORK_HEADER = YES;
				CLANG_WARN_RANGE_LOOP_ANALYSIS = YES;
				CLANG_WARN_STRICT_PROTOTYPES = YES;
				CLANG_WARN_SUSPICIOUS_MOVE = YES;
				CLANG_WARN_UNGUARDED_AVAILABILITY = YES_AGGRESSIVE;
				CLANG_WARN_UNREACHABLE_CODE = YES;
				CLANG_WARN__DUPLICATE_METHOD_MATCH = YES;
				COPY_PHASE_STRIP = NO;
				DEBUG_INFORMATION_FORMAT = dwarf;
				ENABLE_STRICT_OBJC_MSGSEND = YES;
				ENABLE_TESTABILITY = YES;
				GCC_C_LANGUAGE_STANDARD = gnu11;
				GCC_DYNAMIC_NO_PIC = NO;
				GCC_NO_COMMON_BLOCKS = YES;
				GCC_OPTIMIZATION_LEVEL = 0;
				GCC_PREPROCESSOR_DEFINITIONS = (
					"DEBUG=1",
					"$(inherited)",
				);
				GCC_WARN_64_TO_32_BIT_CONVERSION = YES;
				GCC_WARN_ABOUT_RETURN_TYPE = YES_ERROR;
				GCC_WARN_UNDECLARED_SELECTOR = YES;
				GCC_WARN_UNINITIALIZED_AUTOS = YES_AGGRESSIVE;
				GCC_WARN_UNUSED_FUNCTION = YES;
				GCC_WARN_UNUSED_VARIABLE = YES;
				IPHONEOS_DEPLOYMENT_TARGET = 16.4;
				MTL_ENABLE_DEBUG_INFO = INCLUDE_SOURCE;
				MTL_FAST_MATH = YES;
				ONLY_ACTIVE_ARCH = YES;
				SDKROOT = iphoneos;
				SWIFT_ACTIVE_COMPILATION_CONDITIONS = DEBUG;
				SWIFT_OPTIMIZATION_LEVEL = "-Onone";
			};
			name = Debug;
		};
		0A647E752A6FB51D009AB531 /* Release */ = {
			isa = XCBuildConfiguration;
			buildSettings = {
				ALWAYS_SEARCH_USER_PATHS = NO;
				CLANG_ANALYZER_NONNULL = YES;
				CLANG_ANALYZER_NUMBER_OBJECT_CONVERSION = YES_AGGRESSIVE;
				CLANG_CXX_LANGUAGE_STANDARD = "gnu++20";
				CLANG_ENABLE_MODULES = YES;
				CLANG_ENABLE_OBJC_ARC = YES;
				CLANG_ENABLE_OBJC_WEAK = YES;
				CLANG_WARN_BLOCK_CAPTURE_AUTORELEASING = YES;
				CLANG_WARN_BOOL_CONVERSION = YES;
				CLANG_WARN_COMMA = YES;
				CLANG_WARN_CONSTANT_CONVERSION = YES;
				CLANG_WARN_DEPRECATED_OBJC_IMPLEMENTATIONS = YES;
				CLANG_WARN_DIRECT_OBJC_ISA_USAGE = YES_ERROR;
				CLANG_WARN_DOCUMENTATION_COMMENTS = YES;
				CLANG_WARN_EMPTY_BODY = YES;
				CLANG_WARN_ENUM_CONVERSION = YES;
				CLANG_WARN_INFINITE_RECURSION = YES;
				CLANG_WARN_INT_CONVERSION = YES;
				CLANG_WARN_NON_LITERAL_NULL_CONVERSION = YES;
				CLANG_WARN_OBJC_IMPLICIT_RETAIN_SELF = YES;
				CLANG_WARN_OBJC_LITERAL_CONVERSION = YES;
				CLANG_WARN_OBJC_ROOT_CLASS = YES_ERROR;
				CLANG_WARN_QUOTED_INCLUDE_IN_FRAMEWORK_HEADER = YES;
				CLANG_WARN_RANGE_LOOP_ANALYSIS = YES;
				CLANG_WARN_STRICT_PROTOTYPES = YES;
				CLANG_WARN_SUSPICIOUS_MOVE = YES;
				CLANG_WARN_UNGUARDED_AVAILABILITY = YES_AGGRESSIVE;
				CLANG_WARN_UNREACHABLE_CODE = YES;
				CLANG_WARN__DUPLICATE_METHOD_MATCH = YES;
				COPY_PHASE_STRIP = NO;
				DEBUG_INFORMATION_FORMAT = "dwarf-with-dsym";
				ENABLE_NS_ASSERTIONS = NO;
				ENABLE_STRICT_OBJC_MSGSEND = YES;
				GCC_C_LANGUAGE_STANDARD = gnu11;
				GCC_NO_COMMON_BLOCKS = YES;
				GCC_WARN_64_TO_32_BIT_CONVERSION = YES;
				GCC_WARN_ABOUT_RETURN_TYPE = YES_ERROR;
				GCC_WARN_UNDECLARED_SELECTOR = YES;
				GCC_WARN_UNINITIALIZED_AUTOS = YES_AGGRESSIVE;
				GCC_WARN_UNUSED_FUNCTION = YES;
				GCC_WARN_UNUSED_VARIABLE = YES;
				IPHONEOS_DEPLOYMENT_TARGET = 16.4;
				MTL_ENABLE_DEBUG_INFO = NO;
				MTL_FAST_MATH = YES;
				SDKROOT = iphoneos;
				SWIFT_COMPILATION_MODE = wholemodule;
				SWIFT_OPTIMIZATION_LEVEL = "-O";
				VALIDATE_PRODUCT = YES;
			};
			name = Release;
		};
		0A647E772A6FB51D009AB531 /* Debug */ = {
			isa = XCBuildConfiguration;
			baseConfigurationReference = 9DF5F03F4285B036FCF8F6D0 /* Pods-iMessenger.debug.xcconfig */;
			buildSettings = {
				ASSETCATALOG_COMPILER_APPICON_NAME = AppIcon;
				ASSETCATALOG_COMPILER_GLOBAL_ACCENT_COLOR_NAME = AccentColor;
				CODE_SIGN_STYLE = Automatic;
				CURRENT_PROJECT_VERSION = 1;
				EXCLUDED_ARCHS = "";
				GENERATE_INFOPLIST_FILE = YES;
				INFOPLIST_FILE = iMessenger/Info.plist;
				INFOPLIST_KEY_NSCameraUsageDescription = "Please allow access to take a profile picture";
				INFOPLIST_KEY_NSPhotoLibraryUsageDescription = "Please allow access to select a photo for your profile.";
				INFOPLIST_KEY_UIApplicationSupportsIndirectInputEvents = YES;
				INFOPLIST_KEY_UILaunchStoryboardName = LaunchScreen.storyboard;
				INFOPLIST_KEY_UIMainStoryboardFile = Main;
				INFOPLIST_KEY_UISupportedInterfaceOrientations = UIInterfaceOrientationPortrait;
				IPHONEOS_DEPLOYMENT_TARGET = 13.0;
				LD_RUNPATH_SEARCH_PATHS = (
					"$(inherited)",
					"@executable_path/Frameworks",
				);
				MARKETING_VERSION = 1.0;
				ONLY_ACTIVE_ARCH = YES;
				PRODUCT_BUNDLE_IDENTIFIER = com.yunsu.iMessenger;
				PRODUCT_NAME = "$(TARGET_NAME)";
				SWIFT_EMIT_LOC_STRINGS = YES;
				SWIFT_VERSION = 5.0;
				TARGETED_DEVICE_FAMILY = "1,2";
			};
			name = Debug;
		};
		0A647E782A6FB51D009AB531 /* Release */ = {
			isa = XCBuildConfiguration;
			baseConfigurationReference = 9A2475C76E08E71025081A57 /* Pods-iMessenger.release.xcconfig */;
			buildSettings = {
				ASSETCATALOG_COMPILER_APPICON_NAME = AppIcon;
				ASSETCATALOG_COMPILER_GLOBAL_ACCENT_COLOR_NAME = AccentColor;
				CODE_SIGN_STYLE = Automatic;
				CURRENT_PROJECT_VERSION = 1;
				EXCLUDED_ARCHS = "";
				GENERATE_INFOPLIST_FILE = YES;
				INFOPLIST_FILE = iMessenger/Info.plist;
				INFOPLIST_KEY_NSCameraUsageDescription = "Please allow access to take a profile picture";
				INFOPLIST_KEY_NSPhotoLibraryUsageDescription = "Please allow access to select a photo for your profile.";
				INFOPLIST_KEY_UIApplicationSupportsIndirectInputEvents = YES;
				INFOPLIST_KEY_UILaunchStoryboardName = LaunchScreen.storyboard;
				INFOPLIST_KEY_UIMainStoryboardFile = Main;
				INFOPLIST_KEY_UISupportedInterfaceOrientations = UIInterfaceOrientationPortrait;
				IPHONEOS_DEPLOYMENT_TARGET = 13.0;
				LD_RUNPATH_SEARCH_PATHS = (
					"$(inherited)",
					"@executable_path/Frameworks",
				);
				MARKETING_VERSION = 1.0;
				ONLY_ACTIVE_ARCH = NO;
				PRODUCT_BUNDLE_IDENTIFIER = com.yunsu.iMessenger;
				PRODUCT_NAME = "$(TARGET_NAME)";
				SWIFT_EMIT_LOC_STRINGS = YES;
				SWIFT_VERSION = 5.0;
				TARGETED_DEVICE_FAMILY = "1,2";
			};
			name = Release;
		};
/* End XCBuildConfiguration section */

/* Begin XCConfigurationList section */
		0A647E5D2A6FB51B009AB531 /* Build configuration list for PBXProject "iMessenger" */ = {
			isa = XCConfigurationList;
			buildConfigurations = (
				0A647E742A6FB51D009AB531 /* Debug */,
				0A647E752A6FB51D009AB531 /* Release */,
			);
			defaultConfigurationIsVisible = 0;
			defaultConfigurationName = Release;
		};
		0A647E762A6FB51D009AB531 /* Build configuration list for PBXNativeTarget "iMessenger" */ = {
			isa = XCConfigurationList;
			buildConfigurations = (
				0A647E772A6FB51D009AB531 /* Debug */,
				0A647E782A6FB51D009AB531 /* Release */,
			);
			defaultConfigurationIsVisible = 0;
			defaultConfigurationName = Release;
		};
/* End XCConfigurationList section */
	};
	rootObject = 0A647E5A2A6FB51B009AB531 /* Project object */;
}
